
Microsoft Visual Studio Solution File, Format Version 12.00
# Visual Studio Version 17
VisualStudioVersion = 17.8.34408.163
MinimumVisualStudioVersion = 10.0.40219.1
Project("{FAE04EC0-301F-11D3-BF4B-00C04F79EFBC}") = "modul9_1302223092", "modul9_1302223092\modul9_1302223092.csproj", "{791A2237-6325-4E4C-99D3-1FD20B514CB2}"
EndProject
Global
	GlobalSection(SolutionConfigurationPlatforms) = preSolution
		Debug|Any CPU = Debug|Any CPU
		Release|Any CPU = Release|Any CPU
	EndGlobalSection
	GlobalSection(ProjectConfigurationPlatforms) = postSolution
		{791A2237-6325-4E4C-99D3-1FD20B514CB2}.Debug|Any CPU.ActiveCfg = Debug|Any CPU
		{791A2237-6325-4E4C-99D3-1FD20B514CB2}.Debug|Any CPU.Build.0 = Debug|Any CPU
		{791A2237-6325-4E4C-99D3-1FD20B514CB2}.Release|Any CPU.ActiveCfg = Release|Any CPU
		{791A2237-6325-4E4C-99D3-1FD20B514CB2}.Release|Any CPU.Build.0 = Release|Any CPU
	EndGlobalSection
	GlobalSection(SolutionProperties) = preSolution
		HideSolutionNode = FALSE
	EndGlobalSection
	GlobalSection(ExtensibilityGlobals) = postSolution
		SolutionGuid = {9750BF2E-009C-408B-BD8F-7E2EFA9C7D3F}
	EndGlobalSection
EndGlobal
